# THIS IS AN AUTOGENERATED FILE. DO NOT EDIT THIS FILE DIRECTLY.
# yarn lockfile v1


"@babel/eslint-parser@^7.15.8":
  version "7.16.0"
  resolved "https://registry.yarnpkg.com/@babel/eslint-parser/-/eslint-parser-7.16.0.tgz#032cf6c8d844a95ad62f779d2708fb4f77e1a81c"
  integrity sha512-c+AsYOHjI+FgCa+ifLd8sDXp4U4mjkfFgL9NdQWhuA731kAUJs0WdJIXET4A14EJAR9Jv9FFF/MzPWJfV9Oirw==
  dependencies:
    eslint-scope "^5.1.1"
    eslint-visitor-keys "^2.1.0"
    semver "^6.3.0"

"@babel/parser@^7.15.0":
  version "7.16.2"
  resolved "https://registry.yarnpkg.com/@babel/parser/-/parser-7.16.2.tgz#3723cd5c8d8773eef96ce57ea1d9b7faaccd12ac"
  integrity sha512-RUVpT0G2h6rOZwqLDTrKk7ksNv7YpAilTnYe1/Q+eDjxEceRMKVWbCsX7t8h6C1qCFi/1Y8WZjcEPBAFG27GPw==

"@css-render/plugin-bem@^0.15.6":
  version "0.15.6"
  resolved "https://registry.yarnpkg.com/@css-render/plugin-bem/-/plugin-bem-0.15.6.tgz#f7fea474df4f3262ef9fb8017ada1cb9712cd78a"
  integrity sha512-tz6PgYyP8CDa30JsaqK8q5MSg8/dICDi8QifzURlrWGIfAcLrToNX7Hum6lAvtD2rNHTKF9g12Hto4NVg/fdZA==
  dependencies:
    css-render "~0.15.6"

"@css-render/vue3-ssr@^0.15.6":
  version "0.15.6"
  resolved "https://registry.yarnpkg.com/@css-render/vue3-ssr/-/vue3-ssr-0.15.6.tgz#4edc294bda7e6ca215f6c7ec9e2c8385645069c3"
  integrity sha512-aBb5tIezKlM7PycXoek/46oGO3kRg5Y+FgE3RGGKwvv8CAnLhdk5b3UM0LDIRfXdI+vxA/kSgk4pz9f7nDqGjA==

"@emotion/hash@~0.8.0":
  version "0.8.0"
  resolved "https://registry.yarnpkg.com/@emotion/hash/-/hash-0.8.0.tgz#bbbff68978fefdbe68ccb533bc8cbe1d1afb5413"
  integrity sha512-kBJtf7PH6aWwZ6fka3zQ0p6SBYzx4fl1LoZXE2RrnYST9Xljm7WfKJrU4g/Xr3Beg72MLrp1AWNUmuYJTL7Cow==

"@jest/types@^26.6.2":
  version "26.6.2"
  resolved "https://registry.yarnpkg.com/@jest/types/-/types-26.6.2.tgz#bef5a532030e1d88a2f5a6d933f84e97226ed48e"
  integrity sha512-fC6QCp7Sc5sX6g8Tvbmj4XUTbyrik0akgRy03yjXbQaBWWNWGE7SGtJk98m0N8nzegD/7SggrUlivxo5ax4KWQ==
  dependencies:
    "@types/istanbul-lib-coverage" "^2.0.0"
    "@types/istanbul-reports" "^3.0.0"
    "@types/node" "*"
    "@types/yargs" "^15.0.0"
    chalk "^4.0.0"

"@types/istanbul-lib-coverage@*", "@types/istanbul-lib-coverage@^2.0.0":
  version "2.0.3"
  resolved "https://registry.yarnpkg.com/@types/istanbul-lib-coverage/-/istanbul-lib-coverage-2.0.3.tgz#4ba8ddb720221f432e443bd5f9117fd22cfd4762"
  integrity sha512-sz7iLqvVUg1gIedBOvlkxPlc8/uVzyS5OwGz1cKjXzkl3FpL3al0crU8YGU1WoHkxn0Wxbw5tyi6hvzJKNzFsw==

"@types/istanbul-lib-report@*":
  version "3.0.0"
  resolved "https://registry.yarnpkg.com/@types/istanbul-lib-report/-/istanbul-lib-report-3.0.0.tgz#c14c24f18ea8190c118ee7562b7ff99a36552686"
  integrity sha512-plGgXAPfVKFoYfa9NpYDAkseG+g6Jr294RqeqcqDixSbU34MZVJRi/P+7Y8GDpzkEwLaGZZOpKIEmeVZNtKsrg==
  dependencies:
    "@types/istanbul-lib-coverage" "*"

"@types/istanbul-reports@^3.0.0":
  version "3.0.1"
  resolved "https://registry.yarnpkg.com/@types/istanbul-reports/-/istanbul-reports-3.0.1.tgz#9153fe98bba2bd565a63add9436d6f0d7f8468ff"
  integrity sha512-c3mAZEuK0lvBp8tmuL74XRKn1+y2dcwOUpH7x4WrF6gk1GIgiluDRgMYQtw2OFcBvAJWlt6ASU3tSqxp0Uu0Aw==
  dependencies:
    "@types/istanbul-lib-report" "*"

"@types/jest@^26.0.20":
  version "26.0.24"
  resolved "https://registry.yarnpkg.com/@types/jest/-/jest-26.0.24.tgz#943d11976b16739185913a1936e0de0c4a7d595a"
  integrity sha512-E/X5Vib8BWqZNRlDxj9vYXhsDwPYbPINqKF9BsnSoon4RQ0D9moEuLD8txgyypFLH7J4+Lho9Nr/c8H0Fi+17w==
  dependencies:
    jest-diff "^26.0.0"
    pretty-format "^26.0.0"

"@types/lodash-es@^4.17.4":
  version "4.17.5"
  resolved "https://registry.yarnpkg.com/@types/lodash-es/-/lodash-es-4.17.5.tgz#1c3fdd16849d84aea43890b1c60da379fb501353"
  integrity sha512-SHBoI8/0aoMQWAgUHMQ599VM6ZiSKg8sh/0cFqqlQQMyY9uEplc0ULU5yQNzcvdR4ZKa0ey8+vFmahuRbOCT1A==
  dependencies:
    "@types/lodash" "*"

"@types/lodash@*", "@types/lodash@^4.14.170":
  version "4.14.176"
  resolved "https://registry.yarnpkg.com/@types/lodash/-/lodash-4.14.176.tgz#641150fc1cda36fbfa329de603bbb175d7ee20c0"
  integrity sha512-xZmuPTa3rlZoIbtDUyJKZQimJV3bxCmzMIO2c9Pz9afyDro6kr7R79GwcB6mRhuoPmV2p1Vb66WOJH7F886WKQ==

"@types/node@*":
  version "16.11.6"
  resolved "https://registry.yarnpkg.com/@types/node/-/node-16.11.6.tgz#6bef7a2a0ad684cf6e90fcfe31cecabd9ce0a3ae"
  integrity sha512-ua7PgUoeQFjmWPcoo9khiPum3Pd60k4/2ZGXt18sm2Slk0W0xZTqt5Y0Ny1NyBiN1EVQ/+FaF9NcY4Qe6rwk5w==

"@types/node@^14.14.10":
  version "14.17.32"
  resolved "https://registry.yarnpkg.com/@types/node/-/node-14.17.32.tgz#2ca61c9ef8c77f6fa1733be9e623ceb0d372ad96"
  integrity sha512-JcII3D5/OapPGx+eJ+Ik1SQGyt6WvuqdRfh9jUwL6/iHGjmyOriBDciBUu7lEIBTL2ijxwrR70WUnw5AEDmFvQ==

"@types/node@~14.14.31":
  version "14.14.45"
  resolved "https://registry.yarnpkg.com/@types/node/-/node-14.14.45.tgz#ec2dfb5566ff814d061aef7e141575aedba245cf"
  integrity sha512-DssMqTV9UnnoxDWu959sDLZzfvqCF0qDNRjaWeYSui9xkFe61kKo4l1TWNTQONpuXEm+gLMRvdlzvNHBamzmEw==

"@types/yargs-parser@*":
  version "20.2.1"
  resolved "https://registry.yarnpkg.com/@types/yargs-parser/-/yargs-parser-20.2.1.tgz#3b9ce2489919d9e4fea439b76916abc34b2df129"
  integrity sha512-7tFImggNeNBVMsn0vLrpn1H1uPrUBdnARPTpZoitY37ZrdJREzf7I16tMrlK3hen349gr1NYh8CmZQa7CTG6Aw==

"@types/yargs@^15.0.0":
  version "15.0.14"
  resolved "https://registry.yarnpkg.com/@types/yargs/-/yargs-15.0.14.tgz#26d821ddb89e70492160b66d10a0eb6df8f6fb06"
  integrity sha512-yEJzHoxf6SyQGhBhIYGXQDSCkJjB6HohDShto7m8vaKg9Yp0Yn8+71J9eakh2bnPg6BfsH9PRMhiRTZnd4eXGQ==
  dependencies:
    "@types/yargs-parser" "*"

"@vitejs/plugin-vue@^1.9.4":
  version "1.9.4"
  resolved "https://registry.yarnpkg.com/@vitejs/plugin-vue/-/plugin-vue-1.9.4.tgz#4f48485432cbb986a9fb9d254dc33ce30ddccbfa"
  integrity sha512-0CZqaCoChriPTTtGkERy1LGPcYjGFpi2uYRhBPIkqJqUGV5JnJFhQAgh6oH9j5XZHfrRaisX8W0xSpO4T7S78A==

"@vue/compiler-core@3.2.21":
  version "3.2.21"
  resolved "https://registry.yarnpkg.com/@vue/compiler-core/-/compiler-core-3.2.21.tgz#26566c32b2ad838199d471ef5df620a83846f24e"
  integrity sha512-NhhiQZNG71KNq1h5pMW/fAXdTF7lJRaSI7LDm2edhHXVz1ROMICo8SreUmQnSf4Fet0UPBVqJ988eF4+936iDQ==
  dependencies:
    "@babel/parser" "^7.15.0"
    "@vue/shared" "3.2.21"
    estree-walker "^2.0.2"
    source-map "^0.6.1"

"@vue/compiler-dom@3.2.21":
  version "3.2.21"
  resolved "https://registry.yarnpkg.com/@vue/compiler-dom/-/compiler-dom-3.2.21.tgz#d6f6c85364ef8888f9c4e9122bfba11e78fb398c"
  integrity sha512-gsJD3DpYZSYquiA7UIPsMDSlAooYWDvHPq9VRsqzJEk2PZtFvLvHPb4aaMD8Ufd62xzYn32cnnkzsEOJhyGilA==
  dependencies:
    "@vue/compiler-core" "3.2.21"
    "@vue/shared" "3.2.21"

"@vue/compiler-sfc@3.2.21":
  version "3.2.21"
  resolved "https://registry.yarnpkg.com/@vue/compiler-sfc/-/compiler-sfc-3.2.21.tgz#42639ee49e725afb7d8f1d1940e75dc17a56002c"
  integrity sha512-+yDlUSebKpz/ovxM2vLRRx7w/gVfY767pOfYTgbIhAs+ogvIV2BsIt4fpxlThnlCNChJ+yE0ERUNoROv2kEGEQ==
  dependencies:
    "@babel/parser" "^7.15.0"
    "@vue/compiler-core" "3.2.21"
    "@vue/compiler-dom" "3.2.21"
    "@vue/compiler-ssr" "3.2.21"
    "@vue/ref-transform" "3.2.21"
    "@vue/shared" "3.2.21"
    estree-walker "^2.0.2"
    magic-string "^0.25.7"
    postcss "^8.1.10"
    source-map "^0.6.1"

"@vue/compiler-ssr@3.2.21":
  version "3.2.21"
  resolved "https://registry.yarnpkg.com/@vue/compiler-ssr/-/compiler-ssr-3.2.21.tgz#37d124f89e8adef9fd56b85775de4b5310a0436e"
  integrity sha512-eU+A0iWYy+1zAo2CRIJ0zSVlv1iuGAIbNRCnllSJ31pV1lX3jypJYzGbJlSRAbB7VP6E+tYveVT1Oq8JKewa3g==
  dependencies:
    "@vue/compiler-dom" "3.2.21"
    "@vue/shared" "3.2.21"

"@vue/reactivity@3.2.21":
  version "3.2.21"
  resolved "https://registry.yarnpkg.com/@vue/reactivity/-/reactivity-3.2.21.tgz#073ad144192ed78a07e151e95a3baa515e4099a2"
  integrity sha512-7C57zFm/5E3SSTUhVuYj1InDwuJ+GIVQ/z+H43C9sST85gIThGXVhksl1yWTAadf8Yz4T5lSbqi5Ds8U/ueWcw==
  dependencies:
    "@vue/shared" "3.2.21"

"@vue/ref-transform@3.2.21":
  version "3.2.21"
  resolved "https://registry.yarnpkg.com/@vue/ref-transform/-/ref-transform-3.2.21.tgz#b0c554c9f640c3f005f77e676066aa0faba90984"
  integrity sha512-uiEWWBsrGeun9O7dQExYWzXO3rHm/YdtFNXDVqCSoPypzOVxWxdiL+8hHeWzxMB58fVuV2sT80aUtIVyaBVZgQ==
  dependencies:
    "@babel/parser" "^7.15.0"
    "@vue/compiler-core" "3.2.21"
    "@vue/shared" "3.2.21"
    estree-walker "^2.0.2"
    magic-string "^0.25.7"

"@vue/runtime-core@3.2.21":
  version "3.2.21"
  resolved "https://registry.yarnpkg.com/@vue/runtime-core/-/runtime-core-3.2.21.tgz#e12dac8c3893b7aebfc37e32066718d8aa686ac5"
  integrity sha512-7oOxKaU0D2IunOAMOOHZgJVrHg63xwng8BZx3fbgmakqEIMwHhQcp+5GV1sOg/sWW7R4UhaRDIUCukO2GRVK2Q==
  dependencies:
    "@vue/reactivity" "3.2.21"
    "@vue/shared" "3.2.21"

"@vue/runtime-dom@3.2.21":
  version "3.2.21"
  resolved "https://registry.yarnpkg.com/@vue/runtime-dom/-/runtime-dom-3.2.21.tgz#33dd15bc85281e773177a30dc6931c294bd77aa1"
  integrity sha512-apBdriD6QsI4ywbllY8kjr9/0scGuStDuvLbJULPQkFPtHzntd51bP5PQTQVAEIc9kwnTozmj6x6ZdX/cwo7xA==
  dependencies:
    "@vue/runtime-core" "3.2.21"
    "@vue/shared" "3.2.21"
    csstype "^2.6.8"

"@vue/server-renderer@3.2.21":
  version "3.2.21"
  resolved "https://registry.yarnpkg.com/@vue/server-renderer/-/server-renderer-3.2.21.tgz#887d0a44de76f72313cff2686a24c0315231d634"
  integrity sha512-QBgYqVgI7XCSBCqGa4LduV9vpfQFdZBOodFmq5Txk5W/v1KrJ1LoOh2Q0RHiRgtoK/UR9uyvRVcYqOmwHkZNEg==
  dependencies:
    "@vue/compiler-ssr" "3.2.21"
    "@vue/shared" "3.2.21"

"@vue/shared@3.2.21":
  version "3.2.21"
  resolved "https://registry.yarnpkg.com/@vue/shared/-/shared-3.2.21.tgz#4cd80c0e62cf65a7adab2449e86b6f0cb33a130b"
  integrity sha512-5EQmIPK6gw4UVYUbM959B0uPsJ58+xoMESCZs3N89XyvJ9e+fX4pqEPrOGV8OroIk3SbEvJcC+eYc8BH9JQrHA==

ansi-regex@^5.0.0:
  version "5.0.1"
  resolved "https://registry.yarnpkg.com/ansi-regex/-/ansi-regex-5.0.1.tgz#082cb2c89c9fe8659a311a53bd6a4dc5301db304"
  integrity sha512-quJQXlTSUGL2LH9SUXo8VwsY4soanhgo6LNSm84E1LBcE8s3O0wpdiRzyR9z/ZZJMlMWv37qOOb9pdJlMUEKFQ==

ansi-styles@^4.0.0, ansi-styles@^4.1.0:
  version "4.3.0"
  resolved "https://registry.yarnpkg.com/ansi-styles/-/ansi-styles-4.3.0.tgz#edd803628ae71c04c85ae7a0906edad34b648937"
  integrity sha512-zbB9rCJAT1rbjiVDb2hqKFHNYLxgtk8NURxZ3IZwD3F6NtxbXZQCnnSi1Lkx+IDohdPlFp222wVALIheZJQSEg==
  dependencies:
    color-convert "^2.0.1"

async-validator@^4.0.1:
  version "4.0.7"
  resolved "https://registry.yarnpkg.com/async-validator/-/async-validator-4.0.7.tgz#034a0fd2103a6b2ebf010da75183bec299247afe"
  integrity sha512-Pj2IR7u8hmUEDOwB++su6baaRi+QvsgajuFB9j95foM1N2gy5HM4z60hfusIO0fBPG5uLAEl6yCJr1jNSVugEQ==

chalk@^4.0.0:
  version "4.1.2"
  resolved "https://registry.yarnpkg.com/chalk/-/chalk-4.1.2.tgz#aac4e2b7734a740867aeb16bf02aad556a1e7a01"
  integrity sha512-oKnbhFyRIXpUuez8iBMmyEa4nbj4IOQyuhc/wy9kY7/WVPcwIO9VA668Pu8RkO7+0G76SLROeyw9CpQ061i4mA==
  dependencies:
    ansi-styles "^4.1.0"
    supports-color "^7.1.0"

color-convert@^2.0.1:
  version "2.0.1"
  resolved "https://registry.yarnpkg.com/color-convert/-/color-convert-2.0.1.tgz#72d3a68d598c9bdb3af2ad1e84f21d896abd4de3"
  integrity sha512-RRECPsj7iu/xb5oKYcsFHSppFNnsj/52OVTRKb4zP5onXwVF3zVmmToNcOfGC+CRDpfK/U584fMg38ZHCaElKQ==
  dependencies:
    color-name "~1.1.4"

color-name@~1.1.4:
  version "1.1.4"
  resolved "https://registry.yarnpkg.com/color-name/-/color-name-1.1.4.tgz#c2a09a87acbde69543de6f63fa3995c826c536a2"
  integrity sha512-dOy+3AuW3a2wNbZHIuMZpTcgjGuLU/uBL/ubcZF9OXbDo8ff4O8yVp5Bf0efS8uEoYo5q4Fx7dY9OgQGXgAsQA==

crypto-js@^4.1.1:
  version "4.1.1"
  resolved "https://registry.yarnpkg.com/crypto-js/-/crypto-js-4.1.1.tgz#9e485bcf03521041bd85844786b83fb7619736cf"
  integrity sha512-o2JlM7ydqd3Qk9CA0L4NL6mTzU2sdx96a+oOfPu8Mkl/PK51vSyoi8/rQ8NknZtk44vq15lmhAj9CIAGwgeWKw==

css-render@^0.15.3, css-render@^0.15.6, css-render@~0.15.6:
  version "0.15.6"
  resolved "https://registry.yarnpkg.com/css-render/-/css-render-0.15.6.tgz#93b778ffc38120f8cd4e135941f0d76ee4c1b783"
  integrity sha512-YTfTgDtR+BIqtVWRTkzjQ8RROp1IbZsm1ihzO8FUw2LMi76TaFRBchy2VEyU7ltdvjQs+W0a4YRPqdntU21kig==
  dependencies:
    "@emotion/hash" "~0.8.0"
    "@types/node" "~14.14.31"
    csstype "~3.0.5"

csstype@^2.6.8:
  version "2.6.18"
  resolved "https://registry.yarnpkg.com/csstype/-/csstype-2.6.18.tgz#980a8b53085f34af313410af064f2bd241784218"
  integrity sha512-RSU6Hyeg14am3Ah4VZEmeX8H7kLwEEirXe6aU2IPfKNvhXwTflK5HQRDNI0ypQXoqmm+QPyG2IaPuQE5zMwSIQ==

csstype@~3.0.5:
  version "3.0.9"
  resolved "https://registry.yarnpkg.com/csstype/-/csstype-3.0.9.tgz#6410af31b26bd0520933d02cbc64fce9ce3fbf0b"
  integrity sha512-rpw6JPxK6Rfg1zLOYCSwle2GFOOsnjmDYDaBwEcwoOg4qlsIVCN789VkBZDJAGi4T07gI4YSutR43t9Zz4Lzuw==

date-fns-tz@^1.1.6:
  version "1.1.6"
  resolved "https://registry.yarnpkg.com/date-fns-tz/-/date-fns-tz-1.1.6.tgz#93cbf354e2aeb2cd312ffa32e462c1943cf20a8e"
  integrity sha512-nyy+URfFI3KUY7udEJozcoftju+KduaqkVfwyTIE0traBiVye09QnyWKLZK7drRr5h9B7sPJITmQnS3U6YOdQg==

date-fns@^2.19.0:
  version "2.25.0"
  resolved "https://registry.yarnpkg.com/date-fns/-/date-fns-2.25.0.tgz#8c5c8f1d958be3809a9a03f4b742eba894fc5680"
  integrity sha512-ovYRFnTrbGPD4nqaEqescPEv1mNwvt+UTqI3Ay9SzNtey9NZnYu6E2qCcBBgJ6/2VF1zGGygpyTDITqpQQ5e+w==

diff-sequences@^26.6.2:
  version "26.6.2"
  resolved "https://registry.yarnpkg.com/diff-sequences/-/diff-sequences-26.6.2.tgz#48ba99157de1923412eed41db6b6d4aa9ca7c0b1"
  integrity sha512-Mv/TDa3nZ9sbc5soK+OoA74BsS3mL37yixCvUAQkiuA4Wz6YtwP/K47n2rv2ovzHZvoiQeA5FTQOschKkEwB0Q==

esbuild-android-arm64@0.13.12:
  version "0.13.12"
  resolved "https://registry.yarnpkg.com/esbuild-android-arm64/-/esbuild-android-arm64-0.13.12.tgz#e1f199dc05405cdc6670c00fb6c793822bf8ae4c"
  integrity sha512-TSVZVrb4EIXz6KaYjXfTzPyyRpXV5zgYIADXtQsIenjZ78myvDGaPi11o4ZSaHIwFHsuwkB6ne5SZRBwAQ7maw==

esbuild-darwin-64@0.13.12:
  version "0.13.12"
  resolved "https://registry.yarnpkg.com/esbuild-darwin-64/-/esbuild-darwin-64-0.13.12.tgz#f5c59e622955c01f050e5a7ac9c1d41db714b94d"
  integrity sha512-c51C+N+UHySoV2lgfWSwwmlnLnL0JWj/LzuZt9Ltk9ub1s2Y8cr6SQV5W3mqVH1egUceew6KZ8GyI4nwu+fhsw==

esbuild-darwin-arm64@0.13.12:
  version "0.13.12"
  resolved "https://registry.yarnpkg.com/esbuild-darwin-arm64/-/esbuild-darwin-arm64-0.13.12.tgz#8abae74c2956a8aa568fc52c78829338c4a4b988"
  integrity sha512-JvAMtshP45Hd8A8wOzjkY1xAnTKTYuP/QUaKp5eUQGX+76GIie3fCdUUr2ZEKdvpSImNqxiZSIMziEiGB5oUmQ==

esbuild-freebsd-64@0.13.12:
  version "0.13.12"
  resolved "https://registry.yarnpkg.com/esbuild-freebsd-64/-/esbuild-freebsd-64-0.13.12.tgz#6ad2ab8c0364ee7dd2d6e324d876a8e60ae75d12"
  integrity sha512-r6On/Skv9f0ZjTu6PW5o7pdXr8aOgtFOEURJZYf1XAJs0IQ+gW+o1DzXjVkIoT+n1cm3N/t1KRJfX71MPg/ZUA==

esbuild-freebsd-arm64@0.13.12:
  version "0.13.12"
  resolved "https://registry.yarnpkg.com/esbuild-freebsd-arm64/-/esbuild-freebsd-arm64-0.13.12.tgz#6f38155f4c300ac4c8adde1fde3cc6a4440a8294"
  integrity sha512-F6LmI2Q1gii073kmBE3NOTt/6zLL5zvZsxNLF8PMAwdHc+iBhD1vzfI8uQZMJA1IgXa3ocr3L3DJH9fLGXy6Yw==

esbuild-linux-32@0.13.12:
  version "0.13.12"
  resolved "https://registry.yarnpkg.com/esbuild-linux-32/-/esbuild-linux-32-0.13.12.tgz#b1d15e330188a8c21de75c3f0058628a3eefade7"
  integrity sha512-U1UZwG3UIwF7/V4tCVAo/nkBV9ag5KJiJTt+gaCmLVWH3bPLX7y+fNlhIWZy8raTMnXhMKfaTvWZ9TtmXzvkuQ==

esbuild-linux-64@0.13.12:
  version "0.13.12"
  resolved "https://registry.yarnpkg.com/esbuild-linux-64/-/esbuild-linux-64-0.13.12.tgz#25bd64b66162b02348e32d8f12e4c9ee61f1d070"
  integrity sha512-YpXSwtu2NxN3N4ifJxEdsgd6Q5d8LYqskrAwjmoCT6yQnEHJSF5uWcxv783HWN7lnGpJi9KUtDvYsnMdyGw71Q==

esbuild-linux-arm64@0.13.12:
  version "0.13.12"
  resolved "https://registry.yarnpkg.com/esbuild-linux-arm64/-/esbuild-linux-arm64-0.13.12.tgz#ba582298457cc5c9ac823a275de117620c06537f"
  integrity sha512-sgDNb8kb3BVodtAlcFGgwk+43KFCYjnFOaOfJibXnnIojNWuJHpL6aQJ4mumzNWw8Rt1xEtDQyuGK9f+Y24jGA==

esbuild-linux-arm@0.13.12:
  version "0.13.12"
  resolved "https://registry.yarnpkg.com/esbuild-linux-arm/-/esbuild-linux-arm-0.13.12.tgz#6bc81c957bff22725688cc6359c29a25765be09b"
  integrity sha512-SyiT/JKxU6J+DY2qUiSLZJqCAftIt3uoGejZ0HDnUM2MGJqEGSGh7p1ecVL2gna3PxS4P+j6WAehCwgkBPXNIw==

esbuild-linux-mips64le@0.13.12:
  version "0.13.12"
  resolved "https://registry.yarnpkg.com/esbuild-linux-mips64le/-/esbuild-linux-mips64le-0.13.12.tgz#ef3c4aba3e585d847cbade5945a8b4a5c62c7ce2"
  integrity sha512-qQJHlZBG+QwVIA8AbTEtbvF084QgDi4DaUsUnA+EolY1bxrG+UyOuGflM2ZritGhfS/k7THFjJbjH2wIeoKA2g==

esbuild-linux-ppc64le@0.13.12:
  version "0.13.12"
  resolved "https://registry.yarnpkg.com/esbuild-linux-ppc64le/-/esbuild-linux-ppc64le-0.13.12.tgz#a21fb64e80c38bef06122e48283990fc6db578e1"
  integrity sha512-2dSnm1ldL7Lppwlo04CGQUpwNn5hGqXI38OzaoPOkRsBRWFBozyGxTFSee/zHFS+Pdh3b28JJbRK3owrrRgWNw==

esbuild-netbsd-64@0.13.12:
  version "0.13.12"
  resolved "https://registry.yarnpkg.com/esbuild-netbsd-64/-/esbuild-netbsd-64-0.13.12.tgz#1ea7fc8cfce88a20a4047b867ef184049a6641ae"
  integrity sha512-D4raxr02dcRiQNbxOLzpqBzcJNFAdsDNxjUbKkDMZBkL54Z0vZh4LRndycdZAMcIdizC/l/Yp/ZsBdAFxc5nbA==

esbuild-openbsd-64@0.13.12:
  version "0.13.12"
  resolved "https://registry.yarnpkg.com/esbuild-openbsd-64/-/esbuild-openbsd-64-0.13.12.tgz#adde32f2f1b05dc4bd4fc544d6ea5a4379f9ca4d"
  integrity sha512-KuLCmYMb2kh05QuPJ+va60bKIH5wHL8ypDkmpy47lzwmdxNsuySeCMHuTv5o2Af1RUn5KLO5ZxaZeq4GEY7DaQ==

esbuild-sunos-64@0.13.12:
  version "0.13.12"
  resolved "https://registry.yarnpkg.com/esbuild-sunos-64/-/esbuild-sunos-64-0.13.12.tgz#a7ecaf52b7364fbee76dc8aa707fa3e1cff3342c"
  integrity sha512-jBsF+e0woK3miKI8ufGWKG3o3rY9DpHvCVRn5eburMIIE+2c+y3IZ1srsthKyKI6kkXLvV4Cf/E7w56kLipMXw==

esbuild-windows-32@0.13.12:
  version "0.13.12"
  resolved "https://registry.yarnpkg.com/esbuild-windows-32/-/esbuild-windows-32-0.13.12.tgz#a8756033dc905c4b7bea19be69f7ee68809f8770"
  integrity sha512-L9m4lLFQrFeR7F+eLZXG82SbXZfUhyfu6CexZEil6vm+lc7GDCE0Q8DiNutkpzjv1+RAbIGVva9muItQ7HVTkQ==

esbuild-windows-64@0.13.12:
  version "0.13.12"
  resolved "https://registry.yarnpkg.com/esbuild-windows-64/-/esbuild-windows-64-0.13.12.tgz#ae694aa66ca078acb8509b2da31197ed1f40f798"
  integrity sha512-k4tX4uJlSbSkfs78W5d9+I9gpd+7N95W7H2bgOMFPsYREVJs31+Q2gLLHlsnlY95zBoPQMIzHooUIsixQIBjaQ==

esbuild-windows-arm64@0.13.12:
  version "0.13.12"
  resolved "https://registry.yarnpkg.com/esbuild-windows-arm64/-/esbuild-windows-arm64-0.13.12.tgz#782c5a8bd6d717ea55aaafe648f9926ca36a4a88"
  integrity sha512-2tTv/BpYRIvuwHpp2M960nG7uvL+d78LFW/ikPItO+2GfK51CswIKSetSpDii+cjz8e9iSPgs+BU4o8nWICBwQ==

esbuild@^0.13.2:
  version "0.13.12"
  resolved "https://registry.yarnpkg.com/esbuild/-/esbuild-0.13.12.tgz#9cac641594bf03cf34145258c093d743ebbde7ca"
  integrity sha512-vTKKUt+yoz61U/BbrnmlG9XIjwpdIxmHB8DlPR0AAW6OdS+nBQBci6LUHU2q9WbBobMEIQxxDpKbkmOGYvxsow==
  optionalDependencies:
    esbuild-android-arm64 "0.13.12"
    esbuild-darwin-64 "0.13.12"
    esbuild-darwin-arm64 "0.13.12"
    esbuild-freebsd-64 "0.13.12"
    esbuild-freebsd-arm64 "0.13.12"
    esbuild-linux-32 "0.13.12"
    esbuild-linux-64 "0.13.12"
    esbuild-linux-arm "0.13.12"
    esbuild-linux-arm64 "0.13.12"
    esbuild-linux-mips64le "0.13.12"
    esbuild-linux-ppc64le "0.13.12"
    esbuild-netbsd-64 "0.13.12"
    esbuild-openbsd-64 "0.13.12"
    esbuild-sunos-64 "0.13.12"
    esbuild-windows-32 "0.13.12"
    esbuild-windows-64 "0.13.12"
    esbuild-windows-arm64 "0.13.12"

eslint-scope@^5.1.1:
  version "5.1.1"
  resolved "https://registry.yarnpkg.com/eslint-scope/-/eslint-scope-5.1.1.tgz#e786e59a66cb92b3f6c1fb0d508aab174848f48c"
  integrity sha512-2NxwbF/hZ0KpepYN0cNbo+FN6XoK7GaHlQhgx/hIZl6Va0bF45RQOOwhLIy8lQDbuCiadSLCBnH2CFYquit5bw==
  dependencies:
    esrecurse "^4.3.0"
    estraverse "^4.1.1"

eslint-visitor-keys@^2.1.0:
  version "2.1.0"
  resolved "https://registry.yarnpkg.com/eslint-visitor-keys/-/eslint-visitor-keys-2.1.0.tgz#f65328259305927392c938ed44eb0a5c9b2bd303"
  integrity sha512-0rSmRBzXgDzIsD6mGdJgevzgezI534Cer5L/vyMX0kHzT/jiB43jRhd9YUlMGYLQy2zprNmoT8qasCGtY+QaKw==

esrecurse@^4.3.0:
  version "4.3.0"
  resolved "https://registry.yarnpkg.com/esrecurse/-/esrecurse-4.3.0.tgz#7ad7964d679abb28bee72cec63758b1c5d2c9921"
  integrity sha512-KmfKL3b6G+RXvP8N1vr3Tq1kL/oCFgn2NYXEtqP8/L3pKapUA4G8cFVaoF3SU323CD4XypR/ffioHmkti6/Tag==
  dependencies:
    estraverse "^5.2.0"

estraverse@^4.1.1:
  version "4.3.0"
  resolved "https://registry.yarnpkg.com/estraverse/-/estraverse-4.3.0.tgz#398ad3f3c5a24948be7725e83d11a7de28cdbd1d"
  integrity sha512-39nnKffWz8xN1BU/2c79n9nB9HDzo0niYUqx6xyqUnyoAnQyyWpOTdZEeiCch8BBu515t4wp9ZmgVfVhn9EBpw==

estraverse@^5.2.0:
  version "5.3.0"
  resolved "https://registry.yarnpkg.com/estraverse/-/estraverse-5.3.0.tgz#2eea5290702f26ab8fe5370370ff86c965d21123"
  integrity sha512-MMdARuVEQziNTeJD8DgMqmhwR11BRQ/cBP+pLtYdSTnf3MIO8fFeiINEbX36ZdNlfU/7A9f3gUw49B3oQsvwBA==

estree-walker@^2.0.2:
  version "2.0.2"
  resolved "https://registry.yarnpkg.com/estree-walker/-/estree-walker-2.0.2.tgz#52f010178c2a4c117a7757cfe942adb7d2da4cac"
  integrity sha512-Rfkk/Mp/DL7JVje3u18FxFujQlTNR2q6QfMSMB7AvCBx91NGj/ba3kCfza0f6dVDbw7YlRf/nDrn7pQrCCyQ/w==

evtd@^0.2.2:
  version "0.2.2"
  resolved "https://registry.yarnpkg.com/evtd/-/evtd-0.2.2.tgz#bebbe27e15aedc1d5c18bc2620dfc90f260787c3"
  integrity sha512-YRUY9BHnnOmeeaOOLlIfUEp3itg4oFEd+uWPGMs0m4WUJaGcEgxFx8PLRRQaaDKvN2B+19lYzhATILGfXuprnA==

fsevents@~2.3.2:
  version "2.3.2"
  resolved "https://registry.yarnpkg.com/fsevents/-/fsevents-2.3.2.tgz#8a526f78b8fdf4623b709e0b975c52c24c02fd1a"
  integrity sha512-xiqMQR4xAeHTuB9uWm+fFRcIOgKBMiOBP+eXiyT7jsgVCq1bkVygt00oASowB7EdtpOHaaPgKt812P9ab+DDKA==

function-bind@^1.1.1:
  version "1.1.1"
  resolved "https://registry.yarnpkg.com/function-bind/-/function-bind-1.1.1.tgz#a56899d3ea3c9bab874bb9773b7c5ede92f4895d"
  integrity sha512-yIovAzMX49sF8Yl58fSCWJ5svSLuaibPxXQJFLmBObTuCr0Mf1KiPopGM9NiFjiYBCbfaa2Fh6breQ6ANVTI0A==

has-flag@^4.0.0:
  version "4.0.0"
  resolved "https://registry.yarnpkg.com/has-flag/-/has-flag-4.0.0.tgz#944771fd9c81c81265c4d6941860da06bb59479b"
  integrity sha512-EykJT/Q1KjTWctppgIAgfSO0tKVuZUjhgMr17kqTumMl6Afv3EISleU7qZUzoXDFTAHTDC4NOoG/ZxU3EvlMPQ==

has@^1.0.3:
  version "1.0.3"
  resolved "https://registry.yarnpkg.com/has/-/has-1.0.3.tgz#722d7cbfc1f6aa8241f16dd814e011e1f41e8796"
  integrity sha512-f2dvO0VU6Oej7RkWJGrehjbzMAjFp5/VKPp5tTpWIV4JHHZK1/BxbFRtf/siA2SWTe09caDmVtYYzWEIbBS4zw==
  dependencies:
    function-bind "^1.1.1"

highlight.js@^11.0.1:
  version "11.3.1"
  resolved "https://registry.yarnpkg.com/highlight.js/-/highlight.js-11.3.1.tgz#813078ef3aa519c61700f84fe9047231c5dc3291"
  integrity sha512-PUhCRnPjLtiLHZAQ5A/Dt5F8cWZeMyj9KRsACsWT+OD6OP0x6dp5OmT5jdx0JgEyPxPZZIPQpRN2TciUT7occw==

is-core-module@^2.2.0:
  version "2.8.0"
  resolved "https://registry.yarnpkg.com/is-core-module/-/is-core-module-2.8.0.tgz#0321336c3d0925e497fd97f5d95cb114a5ccd548"
  integrity sha512-vd15qHsaqrRL7dtH6QNuy0ndJmRDrS9HAM1CAiSifNUFv4x1a0CCVsj18hJ1mShxIG6T2i1sO78MkP56r0nYRw==
  dependencies:
    has "^1.0.3"

jest-diff@^26.0.0:
  version "26.6.2"
  resolved "https://registry.yarnpkg.com/jest-diff/-/jest-diff-26.6.2.tgz#1aa7468b52c3a68d7d5c5fdcdfcd5e49bd164394"
  integrity sha512-6m+9Z3Gv9wN0WFVasqjCL/06+EFCMTqDEUl/b87HYK2rAPTyfz4ZIuSlPhY51PIQRWx5TaxeF1qmXKe9gfN3sA==
  dependencies:
    chalk "^4.0.0"
    diff-sequences "^26.6.2"
    jest-get-type "^26.3.0"
    pretty-format "^26.6.2"

jest-get-type@^26.3.0:
  version "26.3.0"
  resolved "https://registry.yarnpkg.com/jest-get-type/-/jest-get-type-26.3.0.tgz#e97dc3c3f53c2b406ca7afaed4493b1d099199e0"
  integrity sha512-TpfaviN1R2pQWkIihlfEanwOXK0zcxrKEE4MlU6Tn7keoXdN6/3gK/xl0yEh8DOunn5pOVGKf8hB4R9gVh04ig==

lodash-es@^4.17.21:
  version "4.17.21"
  resolved "https://registry.yarnpkg.com/lodash-es/-/lodash-es-4.17.21.tgz#43e626c46e6591b7750beb2b50117390c609e3ee"
  integrity sha512-mKnC+QJ9pWVzv+C4/U3rRsHapFfHvQFoFB92e52xeyGMcX6/OlIl78je1u8vePzYZSkkogMPJ2yjxxsb89cxyw==

lodash@^4.17.21:
  version "4.17.21"
  resolved "https://registry.yarnpkg.com/lodash/-/lodash-4.17.21.tgz#679591c564c3bffaae8454cf0b3df370c3d6911c"
  integrity sha512-v2kDEe57lecTulaDIuNTPy3Ry4gLGJ6Z1O3vE1krgXZNrsQ+LFTGHVxVjcXPs17LhbZVGedAJv8XZ1tvj5FvSg==

magic-string@^0.25.7:
  version "0.25.7"
  resolved "https://registry.yarnpkg.com/magic-string/-/magic-string-0.25.7.tgz#3f497d6fd34c669c6798dcb821f2ef31f5445051"
  integrity sha512-4CrMT5DOHTDk4HYDlzmwu4FVCcIYI8gauveasrdCu2IKIFOJ3f0v/8MDGJCDL9oD2ppz/Av1b0Nj345H9M+XIA==
  dependencies:
    sourcemap-codec "^1.4.4"

naive-ui@^2.20.1:
  version "2.20.1"
  resolved "https://registry.yarnpkg.com/naive-ui/-/naive-ui-2.20.1.tgz#3845c0b21aa829e6106af784d5ebfdcfdb7a6f26"
  integrity sha512-ijUlRHfgvV/SaZ3WBhib0Ryxj7yhoPw7HkaPxZaIbad94nR/pjk/zs5Q3pp5QU+R7/TmO+NYn59NR2jqCcN/EQ==
  dependencies:
    "@babel/eslint-parser" "^7.15.8"
    "@css-render/plugin-bem" "^0.15.6"
    "@css-render/vue3-ssr" "^0.15.6"
    "@types/lodash" "^4.14.170"
    "@types/lodash-es" "^4.17.4"
    async-validator "^4.0.1"
    css-render "^0.15.6"
    date-fns "^2.19.0"
    date-fns-tz "^1.1.6"
    evtd "^0.2.2"
    highlight.js "^11.0.1"
    lodash "^4.17.21"
    lodash-es "^4.17.21"
    seemly "^0.3.2"
    treemate "^0.3.8"
    vdirs "^0.1.4"
    vfonts "^0.1.0"
    vooks "^0.2.10"
    vueuc "^0.4.15"

nanoid@^3.1.30:
  version "3.1.30"
  resolved "https://registry.yarnpkg.com/nanoid/-/nanoid-3.1.30.tgz#63f93cc548d2a113dc5dfbc63bfa09e2b9b64362"
  integrity sha512-zJpuPDwOv8D2zq2WRoMe1HsfZthVewpel9CAvTfc/2mBD1uUT/agc5f7GHGWXlYkFvi1mVxe4IjvP2HNrop7nQ==

path-parse@^1.0.6:
  version "1.0.7"
  resolved "https://registry.yarnpkg.com/path-parse/-/path-parse-1.0.7.tgz#fbc114b60ca42b30d9daf5858e4bd68bbedb6735"
  integrity sha512-LDJzPVEEEPR+y48z93A0Ed0yXb8pAByGWo/k5YYdYgpY2/2EsOsksJrq7lOHxryrVOn1ejG6oAp8ahvOIQD8sw==

picocolors@^1.0.0:
  version "1.0.0"
  resolved "https://registry.yarnpkg.com/picocolors/-/picocolors-1.0.0.tgz#cb5bdc74ff3f51892236eaf79d68bc44564ab81c"
  integrity sha512-1fygroTLlHu66zi26VoTDv8yRgm0Fccecssto+MhsZ0D/DGW2sm8E8AjW7NU5VVTRt5GxbeZ5qBuJr+HyLYkjQ==

postcss@^8.1.10, postcss@^8.3.8:
  version "8.3.11"
  resolved "https://registry.yarnpkg.com/postcss/-/postcss-8.3.11.tgz#c3beca7ea811cd5e1c4a3ec6d2e7599ef1f8f858"
  integrity sha512-hCmlUAIlUiav8Xdqw3Io4LcpA1DOt7h3LSTAC4G6JGHFFaWzI6qvFt9oilvl8BmkbBRX1IhM90ZAmpk68zccQA==
  dependencies:
    nanoid "^3.1.30"
    picocolors "^1.0.0"
    source-map-js "^0.6.2"

pretty-format@^26.0.0, pretty-format@^26.6.2:
  version "26.6.2"
  resolved "https://registry.yarnpkg.com/pretty-format/-/pretty-format-26.6.2.tgz#e35c2705f14cb7fe2fe94fa078345b444120fc93"
  integrity sha512-7AeGuCYNGmycyQbCqd/3PWH4eOoX/OiCa0uphp57NVTeAGdJGaAliecxwBDHYQCIvrW7aDBZCYeNTP/WX69mkg==
  dependencies:
    "@jest/types" "^26.6.2"
    ansi-regex "^5.0.0"
    ansi-styles "^4.0.0"
    react-is "^17.0.1"

react-is@^17.0.1:
  version "17.0.2"
  resolved "https://registry.yarnpkg.com/react-is/-/react-is-17.0.2.tgz#e691d4a8e9c789365655539ab372762b0efb54f0"
  integrity sha512-w2GsyukL62IJnlaff/nRegPQR94C/XXamvMWmSHRJ4y7Ts/4ocGRmTHvOs8PSE6pB3dWOrD/nueuU5sduBsQ4w==

resize-observer-polyfill@^1.5.1:
  version "1.5.1"
  resolved "https://registry.yarnpkg.com/resize-observer-polyfill/-/resize-observer-polyfill-1.5.1.tgz#0e9020dd3d21024458d4ebd27e23e40269810464"
  integrity sha512-LwZrotdHOo12nQuZlHEmtuXdqGoOD0OhaxopaNFxWzInpEgaLWoVuAMbTzixuosCx2nEG58ngzW3vxdWoxIgdg==

resolve@^1.20.0:
  version "1.20.0"
  resolved "https://registry.yarnpkg.com/resolve/-/resolve-1.20.0.tgz#629a013fb3f70755d6f0b7935cc1c2c5378b1975"
  integrity sha512-wENBPt4ySzg4ybFQW2TT1zMQucPK95HSh/nq2CFTZVOGut2+pQvSsgtda4d26YrYcr067wjbmzOG8byDPBX63A==
  dependencies:
    is-core-module "^2.2.0"
    path-parse "^1.0.6"

rollup@^2.57.0:
  version "2.59.0"
  resolved "https://registry.yarnpkg.com/rollup/-/rollup-2.59.0.tgz#108c61b0fa0a37ebc8d1f164f281622056f0db59"
  integrity sha512-l7s90JQhCQ6JyZjKgo7Lq1dKh2RxatOM+Jr6a9F7WbS9WgKbocyUSeLmZl8evAse7y96Ae98L2k1cBOwWD8nHw==
  optionalDependencies:
    fsevents "~2.3.2"

seemly@^0.3.1, seemly@^0.3.2:
  version "0.3.2"
  resolved "https://registry.yarnpkg.com/seemly/-/seemly-0.3.2.tgz#f45aacb2a0748bb9da766b5cf805d3b59ac9502c"
  integrity sha512-xEDcywG5NmDhvHqt1bZlxCnoagfWOLwM5AObg8TiNcZPnTJwusa7eVm+/iRU9LhxLBDS14/yJFSMhhd3+RWUFQ==
  dependencies:
    "@types/jest" "^26.0.20"

semver@^6.3.0:
  version "6.3.0"
  resolved "https://registry.yarnpkg.com/semver/-/semver-6.3.0.tgz#ee0a64c8af5e8ceea67687b133761e1becbd1d3d"
  integrity sha512-b39TBaTSfV6yBrapU89p5fKekE2m/NwnDocOVruQFS1/veMgdzuPcnOM34M6CwxW8jH/lxEa5rBoDeUwu5HHTw==

source-map-js@^0.6.2:
  version "0.6.2"
  resolved "https://registry.yarnpkg.com/source-map-js/-/source-map-js-0.6.2.tgz#0bb5de631b41cfbda6cfba8bd05a80efdfd2385e"
  integrity sha512-/3GptzWzu0+0MBQFrDKzw/DvvMTUORvgY6k6jd/VS6iCR4RDTKWH6v6WPwQoUO8667uQEf9Oe38DxAYWY5F/Ug==

source-map@^0.6.1:
  version "0.6.1"
  resolved "https://registry.yarnpkg.com/source-map/-/source-map-0.6.1.tgz#74722af32e9614e9c287a8d0bbde48b5e2f1a263"
  integrity sha512-UjgapumWlbMhkBgzT7Ykc5YXUT46F0iKu8SGXq0bcwP5dz/h0Plj6enJqjz1Zbq2l5WaqYnrVbwWOWMyF3F47g==

sourcemap-codec@^1.4.4:
  version "1.4.8"
  resolved "https://registry.yarnpkg.com/sourcemap-codec/-/sourcemap-codec-1.4.8.tgz#ea804bd94857402e6992d05a38ef1ae35a9ab4c4"
  integrity sha512-9NykojV5Uih4lgo5So5dtw+f0JgJX30KCNI8gwhz2J9A15wD0Ml6tjHKwf6fTSa6fAdVBdZeNOs9eJ71qCk8vA==

supports-color@^7.1.0:
  version "7.2.0"
  resolved "https://registry.yarnpkg.com/supports-color/-/supports-color-7.2.0.tgz#1b7dcdcb32b8138801b3e478ba6a51caa89648da"
  integrity sha512-qpCAvRl9stuOHveKsn7HncJRvv501qIacKzQlO/+Lwxc9+0q2wLyv4Dfvt80/DPn2pqOBsJdDiogXGR9+OvwRw==
  dependencies:
    has-flag "^4.0.0"

treemate@^0.3.8:
  version "0.3.8"
  resolved "https://registry.yarnpkg.com/treemate/-/treemate-0.3.8.tgz#791c0cd6eae5bdbd2cd04013429385f5366fdff4"
  integrity sha512-wv9lBoPaeWsOgBSX09cpDi1HcO/A3aNfY+Qhvu8JnOSvVfSTmcXMKGrg9g8oTgWA8YLVqq+wt8p+eQvAhqKqlQ==

vdirs@^0.1.4:
  version "0.1.4"
  resolved "https://registry.yarnpkg.com/vdirs/-/vdirs-0.1.4.tgz#c4c0ff86cf47fed03de5f869e265311ef188ab74"
  integrity sha512-g2wJgE8hj/ruqEnGFEXFVC8IR4kRaPDr7Cl+SSy+A8kmNr47rL1l+0wMi51amlrTL6eQsRk+wcl4bjjfPXNzZQ==
  dependencies:
    "@types/node" "^14.14.10"
    evtd "^0.2.2"

vfonts@^0.1.0:
  version "0.1.0"
  resolved "https://registry.yarnpkg.com/vfonts/-/vfonts-0.1.0.tgz#c16af37ca044b2725ae55553049280efbe6222a9"
  integrity sha512-vQBcvntBlnAPonAkGNM8iJ9NxE3PucA+V2W95xiN75YJKxirLJvOws2kEyOEO45T4N+YTbQOCR2m77Y05pfVhQ==

vite@^2.6.13:
  version "2.6.13"
  resolved "https://registry.yarnpkg.com/vite/-/vite-2.6.13.tgz#16b3ec85a66d5b461ac29a903874d4357f9af432"
  integrity sha512-+tGZ1OxozRirTudl4M3N3UTNJOlxdVo/qBl2IlDEy/ZpTFcskp+k5ncNjayR3bRYTCbqSOFz2JWGN1UmuDMScA==
  dependencies:
    esbuild "^0.13.2"
    postcss "^8.3.8"
    resolve "^1.20.0"
    rollup "^2.57.0"
  optionalDependencies:
    fsevents "~2.3.2"

vooks@^0.2.10, vooks@^0.2.4:
  version "0.2.10"
  resolved "https://registry.yarnpkg.com/vooks/-/vooks-0.2.10.tgz#2656f4c025758ed97edc4a9584c9cc15ecffb70b"
  integrity sha512-clZkEndDEUyUFP7u1dL0iijcW0p04Hhj50IVcakRrLjQkuZIr7sx6EX9oMyWgrYVjmfdX6vysnCg3OxsYl67jA==
  dependencies:
    evtd "^0.2.2"

vue@^3.2.20:
  version "3.2.21"
  resolved "https://registry.yarnpkg.com/vue/-/vue-3.2.21.tgz#55f5665172d95cf97e806b9aad0a375180be23a1"
  integrity sha512-jpy7ckXdyclfRzqLjL4mtq81AkzQleE54KjZsJg/9OorNVurAxdlU5XpD49GpjKdnftuffKUvx2C5jDOrgc/zg==
  dependencies:
    "@vue/compiler-dom" "3.2.21"
    "@vue/compiler-sfc" "3.2.21"
    "@vue/runtime-dom" "3.2.21"
    "@vue/server-renderer" "3.2.21"
    "@vue/shared" "3.2.21"

vueuc@^0.4.15:
  version "0.4.15"
  resolved "https://registry.yarnpkg.com/vueuc/-/vueuc-0.4.15.tgz#7e98682eb54118c65a53c5d86163b1c49431a916"
  integrity sha512-VTYDA2avdHRlkqJunsE4d9P3eBPgfW4tiA6sTt3iiVU69d+y25xMEbU8P+stQgptd34A9qMUwYSfvOXDbteW6w==
  dependencies:
    css-render "^0.15.3"
    evtd "^0.2.2"
    resize-observer-polyfill "^1.5.1"
    seemly "^0.3.1"
    vdirs "^0.1.4"
    vooks "^0.2.4"
